Microsoft Visual Studio Solution File, Format Version 12.00
# Visual Studio Version 16
VisualStudioVersion = 16.0.30611.23
MinimumVisualStudioVersion = 10.0.40219.1
Project("{9A19103F-16F7-4668-BE54-9A1E7A4F7556}") = "TruliooSDK", "TruliooSDK\TruliooSDK.csproj", "{C4811317-7C24-4BEC-A76A-53BFEE05D650}"
EndProject
Project("{FAE04EC0-301F-11D3-BF4B-00C04F79EFBC}") = "TruliooSDKTest", "TruliooSDKTest\TruliooSDKTest.csproj", "{0BF4079C-661C-49B9-8412-5222581F1094}"
EndProject
Global
	GlobalSection(SolutionConfigurationPlatforms) = preSolution
		Debug|Any CPU = Debug|Any CPU
		Release|Any CPU = Release|Any CPU
	EndGlobalSection
	GlobalSection(ProjectConfigurationPlatforms) = postSolution
		{C4811317-7C24-4BEC-A76A-53BFEE05D650}.Debug|Any CPU.ActiveCfg = Debug|Any CPU
		{C4811317-7C24-4BEC-A76A-53BFEE05D650}.Debug|Any CPU.Build.0 = Debug|Any CPU
		{C4811317-7C24-4BEC-A76A-53BFEE05D650}.Release|Any CPU.ActiveCfg = Release|Any CPU
		{C4811317-7C24-4BEC-A76A-53BFEE05D650}.Release|Any CPU.Build.0 = Release|Any CPU
		{0BF4079C-661C-49B9-8412-5222581F1094}.Debug|Any CPU.ActiveCfg = Debug|Any CPU
		{0BF4079C-661C-49B9-8412-5222581F1094}.Debug|Any CPU.Build.0 = Debug|Any CPU
		{0BF4079C-661C-49B9-8412-5222581F1094}.Release|Any CPU.ActiveCfg = Release|Any CPU
		{0BF4079C-661C-49B9-8412-5222581F1094}.Release|Any CPU.Build.0 = Release|Any CPU
	EndGlobalSection
	GlobalSection(SolutionProperties) = preSolution
		HideSolutionNode = FALSE
	EndGlobalSection
	GlobalSection(ExtensibilityGlobals) = postSolution
		SolutionGuid = {20117A3F-F44D-40EB-88E0-1061F827FAD5}
	EndGlobalSection
EndGlobal
